# This file is automatically @generated by Cargo.
# It is not intended for manual editing.
version = 4

[[package]]
name = "lockjaw-mmio"
version = "0.1.0"
dependencies = [
 "lockjaw-types",
]

[[package]]
name = "lockjaw-regs"
version = "0.1.0"
dependencies = [
 "lockjaw-mmio",
 "lockjaw-types",
]

[[package]]
name = "lockjaw-sleep-test"
version = "0.1.0"
dependencies = [
 "lockjaw-userlib",
]

[[package]]
name = "lockjaw-types"
version = "0.1.0"

[[package]]
name = "lockjaw-userlib"
version = "0.1.0"
dependencies = [
 "lockjaw-mmio",
 "lockjaw-regs",
 "lockjaw-types",
]
