# This file is automatically @generated by Cargo.
# It is not intended for manual editing.
version = 4

[[package]]
name = "lockjaw-emmc2-driver"
version = "0.1.0"
dependencies = [
 "lockjaw-types",
 "lockjaw-userlib",
]

[[package]]
name = "lockjaw-types"
version = "0.1.0"

[[package]]
name = "lockjaw-userlib"
version = "0.1.0"
dependencies = [
 "lockjaw-types",
]
